
Microsoft Visual Studio Solution File, Format Version 12.00
# Visual Studio Version 17
VisualStudioVersion = 17.0.31903.59
MinimumVisualStudioVersion = 10.0.40219.1
Project("{2150E333-8FDC-42A3-9474-1A3956D46DE8}") = "src", "src", "{490FAE47-4476-4508-B216-505FC850447F}"
EndProject
Project("{9A19103F-16F7-4668-BE54-9A1E7A4F7556}") = "ShardingCore", "src\ShardingCore\ShardingCore.csproj", "{3CAF09A6-6ABD-41D9-BA57-9A822B8095F7}"
EndProject
Project("{2150E333-8FDC-42A3-9474-1A3956D46DE8}") = "src3x", "src3x", "{62AAE0FE-4099-4A48-AA3C-F76F14C62655}"
EndProject
Project("{9A19103F-16F7-4668-BE54-9A1E7A4F7556}") = "ShardingCore.3x", "src3x\ShardingCore.3x\ShardingCore.3x.csproj", "{E0FDBFA9-AE5F-42FB-8A60-4E5D9E7D5414}"
EndProject
Project("{2150E333-8FDC-42A3-9474-1A3956D46DE8}") = "test", "test", "{CC2C88C0-65F2-445D-BE78-973B840FE281}"
EndProject
Project("{2150E333-8FDC-42A3-9474-1A3956D46DE8}") = "samples", "samples", "{EDF8869A-C1E1-491B-BC9F-4A33F4DE1C73}"
EndProject
Project("{9A19103F-16F7-4668-BE54-9A1E7A4F7556}") = "Sample.SqlServer", "samples\Sample.SqlServer\Sample.SqlServer.csproj", "{D48E5EC2-CF83-4B17-8BBA-BDE52ADFAB1F}"
EndProject
Project("{9A19103F-16F7-4668-BE54-9A1E7A4F7556}") = "Samples.AutoByDate.SqlServer", "samples\Samples.AutoByDate.SqlServer\Samples.AutoByDate.SqlServer.csproj", "{C34FCF48-1A98-4268-BFEE-6C9BFC7FD539}"
EndProject
Project("{9A19103F-16F7-4668-BE54-9A1E7A4F7556}") = "Sample.MySql", "samples\Sample.MySql\Sample.MySql.csproj", "{90675788-D5C3-415A-9C18-FF159A75B4D5}"
EndProject
Project("{9A19103F-16F7-4668-BE54-9A1E7A4F7556}") = "Sample.SqlServer3x", "samples\Sample.SqlServer3x\Sample.SqlServer3x.csproj", "{447D5357-F095-45DE-9DA5-2D9997237366}"
EndProject
Project("{9A19103F-16F7-4668-BE54-9A1E7A4F7556}") = "Samples.AbpSharding", "samples\Samples.AbpSharding\Samples.AbpSharding.csproj", "{1136B8C9-3539-42FA-97FD-CAA6F146FCF0}"
EndProject
Project("{9A19103F-16F7-4668-BE54-9A1E7A4F7556}") = "Sample.BulkConsole", "samples\Sample.BulkConsole\Sample.BulkConsole.csproj", "{2443CC8B-FB7D-47A7-9663-F3848BB30A36}"
EndProject
Project("{2150E333-8FDC-42A3-9474-1A3956D46DE8}") = "src2x", "src2x", "{F91949B0-02D5-4E3B-ACF4-AFA6C99A1E04}"
EndProject
Project("{9A19103F-16F7-4668-BE54-9A1E7A4F7556}") = "ShardingCore.2x", "src2x\ShardingCore.2x\ShardingCore.2x.csproj", "{A07C597D-339D-4378-BE4C-A2AF7473340B}"
EndProject
Project("{9A19103F-16F7-4668-BE54-9A1E7A4F7556}") = "Sample.SqlServerShardingDataSource", "samples\Sample.SqlServerShardingDataSource\Sample.SqlServerShardingDataSource.csproj", "{0193E3CF-F2FD-449A-B2D5-7F68E551FDBF}"
EndProject
Project("{2150E333-8FDC-42A3-9474-1A3956D46DE8}") = "src5x", "src5x", "{EB1C9149-78C9-4D99-BE3F-B80FE2015E96}"
EndProject
Project("{9A19103F-16F7-4668-BE54-9A1E7A4F7556}") = "ShardingCore.5x", "src5x\ShardingCore.5x\ShardingCore.5x.csproj", "{68A9F118-EF0A-4D03-8845-77D084561A28}"
EndProject
Project("{9A19103F-16F7-4668-BE54-9A1E7A4F7556}") = "Sample.Migrations", "samples\Sample.Migrations\Sample.Migrations.csproj", "{648DCBBE-BE8F-4EAC-8367-FE7BC558DA8C}"
EndProject
Project("{9A19103F-16F7-4668-BE54-9A1E7A4F7556}") = "Sample.SqlServerShardingTable", "samples\Sample.SqlServerShardingTable\Sample.SqlServerShardingTable.csproj", "{88FA5615-1BAA-4021-87EF-9D4A60257FE4}"
EndProject
Project("{9A19103F-16F7-4668-BE54-9A1E7A4F7556}") = "Sample.SqlServerShardingAll", "samples\Sample.SqlServerShardingAll\Sample.SqlServerShardingAll.csproj", "{FD2C6D03-8D6D-4C1C-B534-4C785A4B1B06}"
EndProject
Project("{9A19103F-16F7-4668-BE54-9A1E7A4F7556}") = "ShardingCore.Test5x", "test\ShardingCore.Test5x\ShardingCore.Test5x.csproj", "{59BDEB59-1674-4A71-8F3F-0A690F48ADE6}"
EndProject
Project("{9A19103F-16F7-4668-BE54-9A1E7A4F7556}") = "ShardingCore.Test3x", "test\ShardingCore.Test3x\ShardingCore.Test3x.csproj", "{E64E09EF-2DC0-4948-A948-256EF5F95C53}"
EndProject
Project("{9A19103F-16F7-4668-BE54-9A1E7A4F7556}") = "ShardingCore.Test2x", "test\ShardingCore.Test2x\ShardingCore.Test2x.csproj", "{5ED4AF17-F16D-4857-B19C-018831109991}"
EndProject
Project("{9A19103F-16F7-4668-BE54-9A1E7A4F7556}") = "ShardingCore.Test", "test\ShardingCore.Test\ShardingCore.Test.csproj", "{32EA64CC-0877-4B4D-BFBA-504EDB2237D6}"
EndProject
Project("{2150E333-8FDC-42A3-9474-1A3956D46DE8}") = "benchmarks", "benchmarks", "{B458D737-33C5-4C10-9687-0BED2E7CD346}"
EndProject
Project("{9A19103F-16F7-4668-BE54-9A1E7A4F7556}") = "ShardingCoreBenchmark", "benchmarks\ShardingCoreBenchmark\ShardingCoreBenchmark.csproj", "{8CE5E8AF-DDB7-4989-8AA4-1D47E4226846}"
EndProject
Project("{9A19103F-16F7-4668-BE54-9A1E7A4F7556}") = "ShardingCoreBenchmark5x", "benchmarks\ShardingCoreBenchmark5x\ShardingCoreBenchmark5x.csproj", "{ED191305-AB19-4863-A48A-7BA4C21F467B}"
EndProject
Project("{9A19103F-16F7-4668-BE54-9A1E7A4F7556}") = "Sample.NoShardingMultiLevel", "samples\Sample.NoShardingMultiLevel\Sample.NoShardingMultiLevel.csproj", "{DCEBAC86-E62B-4B6C-A352-B8C1C2C6F734}"
EndProject
Project("{9A19103F-16F7-4668-BE54-9A1E7A4F7556}") = "Sample.MultiConfig", "samples\Sample.MultiConfig\Sample.MultiConfig.csproj", "{D839D632-4AE4-4F75-8A2C-49EE029B0787}"
EndProject
Project("{FAE04EC0-301F-11D3-BF4B-00C04F79EFBC}") = "Sample.AutoCreateIfPresent", "samples\Sample.AutoCreateIfPresent\Sample.AutoCreateIfPresent.csproj", "{40C83D48-0614-4651-98C6-2ABBE857D83D}"
EndProject
Project("{FAE04EC0-301F-11D3-BF4B-00C04F79EFBC}") = "ShardingCore.CommonTest", "test\ShardingCore.CommonTest\ShardingCore.CommonTest.csproj", "{3E895438-E609-4860-8391-6897ED55DA06}"
EndProject
Project("{FAE04EC0-301F-11D3-BF4B-00C04F79EFBC}") = "Sample.ShardingConsole", "samples\Sample.ShardingConsole\Sample.ShardingConsole.csproj", "{BAB101D4-2BFF-44CE-90E3-8B72DDB266B8}"
EndProject
Project("{2150E333-8FDC-42A3-9474-1A3956D46DE8}") = "src6x", "src6x", "{BB80F31B-37F1-44C2-BCFA-F45D1AC765FE}"
EndProject
Project("{FAE04EC0-301F-11D3-BF4B-00C04F79EFBC}") = "ShardingCore.6x", "src6x\ShardingCore.6x\ShardingCore.6x.csproj", "{1FF83CC3-A5F2-45E0-AA39-23C4DDF87D71}"
EndProject
Project("{FAE04EC0-301F-11D3-BF4B-00C04F79EFBC}") = "Sample.OracleIssue", "samples\Sample.OracleIssue\Sample.OracleIssue.csproj", "{BF4FEA2A-3F09-47D8-9BF7-4261D8D1671D}"
EndProject
Global
	GlobalSection(SolutionConfigurationPlatforms) = preSolution
		Debug|Any CPU = Debug|Any CPU
		Release|Any CPU = Release|Any CPU
	EndGlobalSection
	GlobalSection(ProjectConfigurationPlatforms) = postSolution
		{3CAF09A6-6ABD-41D9-BA57-9A822B8095F7}.Debug|Any CPU.ActiveCfg = Debug|Any CPU
		{3CAF09A6-6ABD-41D9-BA57-9A822B8095F7}.Debug|Any CPU.Build.0 = Debug|Any CPU
		{3CAF09A6-6ABD-41D9-BA57-9A822B8095F7}.Release|Any CPU.ActiveCfg = Release|Any CPU
		{3CAF09A6-6ABD-41D9-BA57-9A822B8095F7}.Release|Any CPU.Build.0 = Release|Any CPU
		{E0FDBFA9-AE5F-42FB-8A60-4E5D9E7D5414}.Debug|Any CPU.ActiveCfg = Debug|Any CPU
		{E0FDBFA9-AE5F-42FB-8A60-4E5D9E7D5414}.Debug|Any CPU.Build.0 = Debug|Any CPU
		{E0FDBFA9-AE5F-42FB-8A60-4E5D9E7D5414}.Release|Any CPU.ActiveCfg = Release|Any CPU
		{E0FDBFA9-AE5F-42FB-8A60-4E5D9E7D5414}.Release|Any CPU.Build.0 = Release|Any CPU
		{D48E5EC2-CF83-4B17-8BBA-BDE52ADFAB1F}.Debug|Any CPU.ActiveCfg = Debug|Any CPU
		{D48E5EC2-CF83-4B17-8BBA-BDE52ADFAB1F}.Debug|Any CPU.Build.0 = Debug|Any CPU
		{D48E5EC2-CF83-4B17-8BBA-BDE52ADFAB1F}.Release|Any CPU.ActiveCfg = Release|Any CPU
		{D48E5EC2-CF83-4B17-8BBA-BDE52ADFAB1F}.Release|Any CPU.Build.0 = Release|Any CPU
		{C34FCF48-1A98-4268-BFEE-6C9BFC7FD539}.Debug|Any CPU.ActiveCfg = Debug|Any CPU
		{C34FCF48-1A98-4268-BFEE-6C9BFC7FD539}.Debug|Any CPU.Build.0 = Debug|Any CPU
		{C34FCF48-1A98-4268-BFEE-6C9BFC7FD539}.Release|Any CPU.ActiveCfg = Release|Any CPU
		{C34FCF48-1A98-4268-BFEE-6C9BFC7FD539}.Release|Any CPU.Build.0 = Release|Any CPU
		{90675788-D5C3-415A-9C18-FF159A75B4D5}.Debug|Any CPU.ActiveCfg = Debug|Any CPU
		{90675788-D5C3-415A-9C18-FF159A75B4D5}.Debug|Any CPU.Build.0 = Debug|Any CPU
		{90675788-D5C3-415A-9C18-FF159A75B4D5}.Release|Any CPU.ActiveCfg = Release|Any CPU
		{90675788-D5C3-415A-9C18-FF159A75B4D5}.Release|Any CPU.Build.0 = Release|Any CPU
		{447D5357-F095-45DE-9DA5-2D9997237366}.Debug|Any CPU.ActiveCfg = Debug|Any CPU
		{447D5357-F095-45DE-9DA5-2D9997237366}.Debug|Any CPU.Build.0 = Debug|Any CPU
		{447D5357-F095-45DE-9DA5-2D9997237366}.Release|Any CPU.ActiveCfg = Release|Any CPU
		{447D5357-F095-45DE-9DA5-2D9997237366}.Release|Any CPU.Build.0 = Release|Any CPU
		{1136B8C9-3539-42FA-97FD-CAA6F146FCF0}.Debug|Any CPU.ActiveCfg = Debug|Any CPU
		{1136B8C9-3539-42FA-97FD-CAA6F146FCF0}.Debug|Any CPU.Build.0 = Debug|Any CPU
		{1136B8C9-3539-42FA-97FD-CAA6F146FCF0}.Release|Any CPU.ActiveCfg = Release|Any CPU
		{1136B8C9-3539-42FA-97FD-CAA6F146FCF0}.Release|Any CPU.Build.0 = Release|Any CPU
		{2443CC8B-FB7D-47A7-9663-F3848BB30A36}.Debug|Any CPU.ActiveCfg = Debug|Any CPU
		{2443CC8B-FB7D-47A7-9663-F3848BB30A36}.Debug|Any CPU.Build.0 = Debug|Any CPU
		{2443CC8B-FB7D-47A7-9663-F3848BB30A36}.Release|Any CPU.ActiveCfg = Release|Any CPU
		{2443CC8B-FB7D-47A7-9663-F3848BB30A36}.Release|Any CPU.Build.0 = Release|Any CPU
		{A07C597D-339D-4378-BE4C-A2AF7473340B}.Debug|Any CPU.ActiveCfg = Debug|Any CPU
		{A07C597D-339D-4378-BE4C-A2AF7473340B}.Debug|Any CPU.Build.0 = Debug|Any CPU
		{A07C597D-339D-4378-BE4C-A2AF7473340B}.Release|Any CPU.ActiveCfg = Release|Any CPU
		{A07C597D-339D-4378-BE4C-A2AF7473340B}.Release|Any CPU.Build.0 = Release|Any CPU
		{0193E3CF-F2FD-449A-B2D5-7F68E551FDBF}.Debug|Any CPU.ActiveCfg = Debug|Any CPU
		{0193E3CF-F2FD-449A-B2D5-7F68E551FDBF}.Debug|Any CPU.Build.0 = Debug|Any CPU
		{0193E3CF-F2FD-449A-B2D5-7F68E551FDBF}.Release|Any CPU.ActiveCfg = Release|Any CPU
		{0193E3CF-F2FD-449A-B2D5-7F68E551FDBF}.Release|Any CPU.Build.0 = Release|Any CPU
		{68A9F118-EF0A-4D03-8845-77D084561A28}.Debug|Any CPU.ActiveCfg = Debug|Any CPU
		{68A9F118-EF0A-4D03-8845-77D084561A28}.Debug|Any CPU.Build.0 = Debug|Any CPU
		{68A9F118-EF0A-4D03-8845-77D084561A28}.Release|Any CPU.ActiveCfg = Release|Any CPU
		{68A9F118-EF0A-4D03-8845-77D084561A28}.Release|Any CPU.Build.0 = Release|Any CPU
		{648DCBBE-BE8F-4EAC-8367-FE7BC558DA8C}.Debug|Any CPU.ActiveCfg = Debug|Any CPU
		{648DCBBE-BE8F-4EAC-8367-FE7BC558DA8C}.Debug|Any CPU.Build.0 = Debug|Any CPU
		{648DCBBE-BE8F-4EAC-8367-FE7BC558DA8C}.Release|Any CPU.ActiveCfg = Release|Any CPU
		{648DCBBE-BE8F-4EAC-8367-FE7BC558DA8C}.Release|Any CPU.Build.0 = Release|Any CPU
		{88FA5615-1BAA-4021-87EF-9D4A60257FE4}.Debug|Any CPU.ActiveCfg = Debug|Any CPU
		{88FA5615-1BAA-4021-87EF-9D4A60257FE4}.Debug|Any CPU.Build.0 = Debug|Any CPU
		{88FA5615-1BAA-4021-87EF-9D4A60257FE4}.Release|Any CPU.ActiveCfg = Release|Any CPU
		{88FA5615-1BAA-4021-87EF-9D4A60257FE4}.Release|Any CPU.Build.0 = Release|Any CPU
		{FD2C6D03-8D6D-4C1C-B534-4C785A4B1B06}.Debug|Any CPU.ActiveCfg = Debug|Any CPU
		{FD2C6D03-8D6D-4C1C-B534-4C785A4B1B06}.Debug|Any CPU.Build.0 = Debug|Any CPU
		{FD2C6D03-8D6D-4C1C-B534-4C785A4B1B06}.Release|Any CPU.ActiveCfg = Release|Any CPU
		{FD2C6D03-8D6D-4C1C-B534-4C785A4B1B06}.Release|Any CPU.Build.0 = Release|Any CPU
		{59BDEB59-1674-4A71-8F3F-0A690F48ADE6}.Debug|Any CPU.ActiveCfg = Debug|Any CPU
		{59BDEB59-1674-4A71-8F3F-0A690F48ADE6}.Debug|Any CPU.Build.0 = Debug|Any CPU
		{59BDEB59-1674-4A71-8F3F-0A690F48ADE6}.Release|Any CPU.ActiveCfg = Release|Any CPU
		{59BDEB59-1674-4A71-8F3F-0A690F48ADE6}.Release|Any CPU.Build.0 = Release|Any CPU
		{E64E09EF-2DC0-4948-A948-256EF5F95C53}.Debug|Any CPU.ActiveCfg = Debug|Any CPU
		{E64E09EF-2DC0-4948-A948-256EF5F95C53}.Debug|Any CPU.Build.0 = Debug|Any CPU
		{E64E09EF-2DC0-4948-A948-256EF5F95C53}.Release|Any CPU.ActiveCfg = Release|Any CPU
		{E64E09EF-2DC0-4948-A948-256EF5F95C53}.Release|Any CPU.Build.0 = Release|Any CPU
		{5ED4AF17-F16D-4857-B19C-018831109991}.Debug|Any CPU.ActiveCfg = Debug|Any CPU
		{5ED4AF17-F16D-4857-B19C-018831109991}.Debug|Any CPU.Build.0 = Debug|Any CPU
		{5ED4AF17-F16D-4857-B19C-018831109991}.Release|Any CPU.ActiveCfg = Release|Any CPU
		{5ED4AF17-F16D-4857-B19C-018831109991}.Release|Any CPU.Build.0 = Release|Any CPU
		{32EA64CC-0877-4B4D-BFBA-504EDB2237D6}.Debug|Any CPU.ActiveCfg = Debug|Any CPU
		{32EA64CC-0877-4B4D-BFBA-504EDB2237D6}.Debug|Any CPU.Build.0 = Debug|Any CPU
		{32EA64CC-0877-4B4D-BFBA-504EDB2237D6}.Release|Any CPU.ActiveCfg = Release|Any CPU
		{32EA64CC-0877-4B4D-BFBA-504EDB2237D6}.Release|Any CPU.Build.0 = Release|Any CPU
		{8CE5E8AF-DDB7-4989-8AA4-1D47E4226846}.Debug|Any CPU.ActiveCfg = Debug|Any CPU
		{8CE5E8AF-DDB7-4989-8AA4-1D47E4226846}.Debug|Any CPU.Build.0 = Debug|Any CPU
		{8CE5E8AF-DDB7-4989-8AA4-1D47E4226846}.Release|Any CPU.ActiveCfg = Release|Any CPU
		{8CE5E8AF-DDB7-4989-8AA4-1D47E4226846}.Release|Any CPU.Build.0 = Release|Any CPU
		{ED191305-AB19-4863-A48A-7BA4C21F467B}.Debug|Any CPU.ActiveCfg = Debug|Any CPU
		{ED191305-AB19-4863-A48A-7BA4C21F467B}.Debug|Any CPU.Build.0 = Debug|Any CPU
		{ED191305-AB19-4863-A48A-7BA4C21F467B}.Release|Any CPU.ActiveCfg = Release|Any CPU
		{ED191305-AB19-4863-A48A-7BA4C21F467B}.Release|Any CPU.Build.0 = Release|Any CPU
		{DCEBAC86-E62B-4B6C-A352-B8C1C2C6F734}.Debug|Any CPU.ActiveCfg = Debug|Any CPU
		{DCEBAC86-E62B-4B6C-A352-B8C1C2C6F734}.Debug|Any CPU.Build.0 = Debug|Any CPU
		{DCEBAC86-E62B-4B6C-A352-B8C1C2C6F734}.Release|Any CPU.ActiveCfg = Release|Any CPU
		{DCEBAC86-E62B-4B6C-A352-B8C1C2C6F734}.Release|Any CPU.Build.0 = Release|Any CPU
		{D839D632-4AE4-4F75-8A2C-49EE029B0787}.Debug|Any CPU.ActiveCfg = Debug|Any CPU
		{D839D632-4AE4-4F75-8A2C-49EE029B0787}.Debug|Any CPU.Build.0 = Debug|Any CPU
		{D839D632-4AE4-4F75-8A2C-49EE029B0787}.Release|Any CPU.ActiveCfg = Release|Any CPU
		{D839D632-4AE4-4F75-8A2C-49EE029B0787}.Release|Any CPU.Build.0 = Release|Any CPU
		{40C83D48-0614-4651-98C6-2ABBE857D83D}.Debug|Any CPU.ActiveCfg = Debug|Any CPU
		{40C83D48-0614-4651-98C6-2ABBE857D83D}.Debug|Any CPU.Build.0 = Debug|Any CPU
		{40C83D48-0614-4651-98C6-2ABBE857D83D}.Release|Any CPU.ActiveCfg = Release|Any CPU
		{40C83D48-0614-4651-98C6-2ABBE857D83D}.Release|Any CPU.Build.0 = Release|Any CPU
		{3E895438-E609-4860-8391-6897ED55DA06}.Debug|Any CPU.ActiveCfg = Debug|Any CPU
		{3E895438-E609-4860-8391-6897ED55DA06}.Debug|Any CPU.Build.0 = Debug|Any CPU
		{3E895438-E609-4860-8391-6897ED55DA06}.Release|Any CPU.ActiveCfg = Release|Any CPU
		{3E895438-E609-4860-8391-6897ED55DA06}.Release|Any CPU.Build.0 = Release|Any CPU
		{BAB101D4-2BFF-44CE-90E3-8B72DDB266B8}.Debug|Any CPU.ActiveCfg = Debug|Any CPU
		{BAB101D4-2BFF-44CE-90E3-8B72DDB266B8}.Debug|Any CPU.Build.0 = Debug|Any CPU
		{BAB101D4-2BFF-44CE-90E3-8B72DDB266B8}.Release|Any CPU.ActiveCfg = Release|Any CPU
		{BAB101D4-2BFF-44CE-90E3-8B72DDB266B8}.Release|Any CPU.Build.0 = Release|Any CPU
		{1FF83CC3-A5F2-45E0-AA39-23C4DDF87D71}.Debug|Any CPU.ActiveCfg = Debug|Any CPU
		{1FF83CC3-A5F2-45E0-AA39-23C4DDF87D71}.Debug|Any CPU.Build.0 = Debug|Any CPU
		{1FF83CC3-A5F2-45E0-AA39-23C4DDF87D71}.Release|Any CPU.ActiveCfg = Release|Any CPU
		{1FF83CC3-A5F2-45E0-AA39-23C4DDF87D71}.Release|Any CPU.Build.0 = Release|Any CPU
		{BF4FEA2A-3F09-47D8-9BF7-4261D8D1671D}.Debug|Any CPU.ActiveCfg = Debug|Any CPU
		{BF4FEA2A-3F09-47D8-9BF7-4261D8D1671D}.Debug|Any CPU.Build.0 = Debug|Any CPU
		{BF4FEA2A-3F09-47D8-9BF7-4261D8D1671D}.Release|Any CPU.ActiveCfg = Release|Any CPU
		{BF4FEA2A-3F09-47D8-9BF7-4261D8D1671D}.Release|Any CPU.Build.0 = Release|Any CPU
	EndGlobalSection
	GlobalSection(SolutionProperties) = preSolution
		HideSolutionNode = FALSE
	EndGlobalSection
	GlobalSection(NestedProjects) = preSolution
		{3CAF09A6-6ABD-41D9-BA57-9A822B8095F7} = {490FAE47-4476-4508-B216-505FC850447F}
		{E0FDBFA9-AE5F-42FB-8A60-4E5D9E7D5414} = {62AAE0FE-4099-4A48-AA3C-F76F14C62655}
		{D48E5EC2-CF83-4B17-8BBA-BDE52ADFAB1F} = {EDF8869A-C1E1-491B-BC9F-4A33F4DE1C73}
		{C34FCF48-1A98-4268-BFEE-6C9BFC7FD539} = {EDF8869A-C1E1-491B-BC9F-4A33F4DE1C73}
		{90675788-D5C3-415A-9C18-FF159A75B4D5} = {EDF8869A-C1E1-491B-BC9F-4A33F4DE1C73}
		{447D5357-F095-45DE-9DA5-2D9997237366} = {EDF8869A-C1E1-491B-BC9F-4A33F4DE1C73}
		{1136B8C9-3539-42FA-97FD-CAA6F146FCF0} = {EDF8869A-C1E1-491B-BC9F-4A33F4DE1C73}
		{2443CC8B-FB7D-47A7-9663-F3848BB30A36} = {EDF8869A-C1E1-491B-BC9F-4A33F4DE1C73}
		{A07C597D-339D-4378-BE4C-A2AF7473340B} = {F91949B0-02D5-4E3B-ACF4-AFA6C99A1E04}
		{0193E3CF-F2FD-449A-B2D5-7F68E551FDBF} = {EDF8869A-C1E1-491B-BC9F-4A33F4DE1C73}
		{68A9F118-EF0A-4D03-8845-77D084561A28} = {EB1C9149-78C9-4D99-BE3F-B80FE2015E96}
		{648DCBBE-BE8F-4EAC-8367-FE7BC558DA8C} = {EDF8869A-C1E1-491B-BC9F-4A33F4DE1C73}
		{88FA5615-1BAA-4021-87EF-9D4A60257FE4} = {EDF8869A-C1E1-491B-BC9F-4A33F4DE1C73}
		{FD2C6D03-8D6D-4C1C-B534-4C785A4B1B06} = {EDF8869A-C1E1-491B-BC9F-4A33F4DE1C73}
		{59BDEB59-1674-4A71-8F3F-0A690F48ADE6} = {CC2C88C0-65F2-445D-BE78-973B840FE281}
		{E64E09EF-2DC0-4948-A948-256EF5F95C53} = {CC2C88C0-65F2-445D-BE78-973B840FE281}
		{5ED4AF17-F16D-4857-B19C-018831109991} = {CC2C88C0-65F2-445D-BE78-973B840FE281}
		{32EA64CC-0877-4B4D-BFBA-504EDB2237D6} = {CC2C88C0-65F2-445D-BE78-973B840FE281}
		{8CE5E8AF-DDB7-4989-8AA4-1D47E4226846} = {B458D737-33C5-4C10-9687-0BED2E7CD346}
		{ED191305-AB19-4863-A48A-7BA4C21F467B} = {B458D737-33C5-4C10-9687-0BED2E7CD346}
		{DCEBAC86-E62B-4B6C-A352-B8C1C2C6F734} = {EDF8869A-C1E1-491B-BC9F-4A33F4DE1C73}
		{D839D632-4AE4-4F75-8A2C-49EE029B0787} = {EDF8869A-C1E1-491B-BC9F-4A33F4DE1C73}
		{40C83D48-0614-4651-98C6-2ABBE857D83D} = {EDF8869A-C1E1-491B-BC9F-4A33F4DE1C73}
		{3E895438-E609-4860-8391-6897ED55DA06} = {CC2C88C0-65F2-445D-BE78-973B840FE281}
		{BAB101D4-2BFF-44CE-90E3-8B72DDB266B8} = {EDF8869A-C1E1-491B-BC9F-4A33F4DE1C73}
		{1FF83CC3-A5F2-45E0-AA39-23C4DDF87D71} = {BB80F31B-37F1-44C2-BCFA-F45D1AC765FE}
		{BF4FEA2A-3F09-47D8-9BF7-4261D8D1671D} = {EDF8869A-C1E1-491B-BC9F-4A33F4DE1C73}
	EndGlobalSection
	GlobalSection(ExtensibilityGlobals) = postSolution
		SolutionGuid = {8C07A667-E8B4-43C7-8053-721584BAD291}
	EndGlobalSection
EndGlobal
