
Microsoft Visual Studio Solution File, Format Version 12.00
Project("{2150E333-8FDC-42A3-9474-1A3956D46DE8}") = "src", "src", "{490FAE47-4476-4508-B216-505FC850447F}"
EndProject
Project("{FAE04EC0-301F-11D3-BF4B-00C04F79EFBC}") = "ShardingCore", "src\ShardingCore\ShardingCore.csproj", "{3CAF09A6-6ABD-41D9-BA57-9A822B8095F7}"
EndProject
Project("{FAE04EC0-301F-11D3-BF4B-00C04F79EFBC}") = "ShardingCore.SqlServer", "src\ShardingCore.SqlServer\ShardingCore.SqlServer.csproj", "{2B65466D-D4F8-48FE-A516-014404414897}"
EndProject
Project("{2150E333-8FDC-42A3-9474-1A3956D46DE8}") = "src3x", "src3x", "{62AAE0FE-4099-4A48-AA3C-F76F14C62655}"
EndProject
Project("{FAE04EC0-301F-11D3-BF4B-00C04F79EFBC}") = "ShardingCore.3x", "src3x\ShardingCore.3x\ShardingCore.3x.csproj", "{E0FDBFA9-AE5F-42FB-8A60-4E5D9E7D5414}"
EndProject
Project("{FAE04EC0-301F-11D3-BF4B-00C04F79EFBC}") = "ShardingCore.SqlServer.3x", "src3x\ShardingCore.SqlServer.3x\ShardingCore.SqlServer.3x.csproj", "{37E11FFD-14D7-41B4-B04C-2950206C64DB}"
EndProject
Project("{2150E333-8FDC-42A3-9474-1A3956D46DE8}") = "src2x", "src2x", "{679E6084-0C45-4807-BFEE-D2FDA44B2188}"
EndProject
Project("{FAE04EC0-301F-11D3-BF4B-00C04F79EFBC}") = "ShardingCore.2x", "src2x\ShardingCore.2x\ShardingCore.2x.csproj", "{FB92A4BE-A43E-4755-8132-EC38E9650B80}"
EndProject
Project("{FAE04EC0-301F-11D3-BF4B-00C04F79EFBC}") = "ShardingCore.SqlServer.2x", "src2x\ShardingCore.SqlServer.2x\ShardingCore.SqlServer.2x.csproj", "{73B802A7-3DDE-4B02-9E3D-D6B9EE42DE5D}"
EndProject
Global
	GlobalSection(SolutionConfigurationPlatforms) = preSolution
		Debug|Any CPU = Debug|Any CPU
		Release|Any CPU = Release|Any CPU
	EndGlobalSection
	GlobalSection(NestedProjects) = preSolution
		{3CAF09A6-6ABD-41D9-BA57-9A822B8095F7} = {490FAE47-4476-4508-B216-505FC850447F}
		{2B65466D-D4F8-48FE-A516-014404414897} = {490FAE47-4476-4508-B216-505FC850447F}
		{E0FDBFA9-AE5F-42FB-8A60-4E5D9E7D5414} = {62AAE0FE-4099-4A48-AA3C-F76F14C62655}
		{37E11FFD-14D7-41B4-B04C-2950206C64DB} = {62AAE0FE-4099-4A48-AA3C-F76F14C62655}
		{FB92A4BE-A43E-4755-8132-EC38E9650B80} = {679E6084-0C45-4807-BFEE-D2FDA44B2188}
		{73B802A7-3DDE-4B02-9E3D-D6B9EE42DE5D} = {679E6084-0C45-4807-BFEE-D2FDA44B2188}
	EndGlobalSection
	GlobalSection(ProjectConfigurationPlatforms) = postSolution
		{3CAF09A6-6ABD-41D9-BA57-9A822B8095F7}.Debug|Any CPU.ActiveCfg = Debug|Any CPU
		{3CAF09A6-6ABD-41D9-BA57-9A822B8095F7}.Debug|Any CPU.Build.0 = Debug|Any CPU
		{3CAF09A6-6ABD-41D9-BA57-9A822B8095F7}.Release|Any CPU.ActiveCfg = Release|Any CPU
		{3CAF09A6-6ABD-41D9-BA57-9A822B8095F7}.Release|Any CPU.Build.0 = Release|Any CPU
		{2B65466D-D4F8-48FE-A516-014404414897}.Debug|Any CPU.ActiveCfg = Debug|Any CPU
		{2B65466D-D4F8-48FE-A516-014404414897}.Debug|Any CPU.Build.0 = Debug|Any CPU
		{2B65466D-D4F8-48FE-A516-014404414897}.Release|Any CPU.ActiveCfg = Release|Any CPU
		{2B65466D-D4F8-48FE-A516-014404414897}.Release|Any CPU.Build.0 = Release|Any CPU
		{E0FDBFA9-AE5F-42FB-8A60-4E5D9E7D5414}.Debug|Any CPU.ActiveCfg = Debug|Any CPU
		{E0FDBFA9-AE5F-42FB-8A60-4E5D9E7D5414}.Debug|Any CPU.Build.0 = Debug|Any CPU
		{E0FDBFA9-AE5F-42FB-8A60-4E5D9E7D5414}.Release|Any CPU.ActiveCfg = Release|Any CPU
		{E0FDBFA9-AE5F-42FB-8A60-4E5D9E7D5414}.Release|Any CPU.Build.0 = Release|Any CPU
		{37E11FFD-14D7-41B4-B04C-2950206C64DB}.Debug|Any CPU.ActiveCfg = Debug|Any CPU
		{37E11FFD-14D7-41B4-B04C-2950206C64DB}.Debug|Any CPU.Build.0 = Debug|Any CPU
		{37E11FFD-14D7-41B4-B04C-2950206C64DB}.Release|Any CPU.ActiveCfg = Release|Any CPU
		{37E11FFD-14D7-41B4-B04C-2950206C64DB}.Release|Any CPU.Build.0 = Release|Any CPU
		{FB92A4BE-A43E-4755-8132-EC38E9650B80}.Debug|Any CPU.ActiveCfg = Debug|Any CPU
		{FB92A4BE-A43E-4755-8132-EC38E9650B80}.Debug|Any CPU.Build.0 = Debug|Any CPU
		{FB92A4BE-A43E-4755-8132-EC38E9650B80}.Release|Any CPU.ActiveCfg = Release|Any CPU
		{FB92A4BE-A43E-4755-8132-EC38E9650B80}.Release|Any CPU.Build.0 = Release|Any CPU
		{73B802A7-3DDE-4B02-9E3D-D6B9EE42DE5D}.Debug|Any CPU.ActiveCfg = Debug|Any CPU
		{73B802A7-3DDE-4B02-9E3D-D6B9EE42DE5D}.Debug|Any CPU.Build.0 = Debug|Any CPU
		{73B802A7-3DDE-4B02-9E3D-D6B9EE42DE5D}.Release|Any CPU.ActiveCfg = Release|Any CPU
		{73B802A7-3DDE-4B02-9E3D-D6B9EE42DE5D}.Release|Any CPU.Build.0 = Release|Any CPU
	EndGlobalSection
EndGlobal
